// !$*UTF8*$!
{
	archiveVersion = 1;
	classes = {
	};
	objectVersion = 46;
	objects = {

/* Begin PBXBuildFile section */
		8A9760C21F17162700E77833 /* RegisteredUsersViewController.swift in Sources */ = {isa = PBXBuildFile; fileRef = 8A9760C11F17162700E77833 /* RegisteredUsersViewController.swift */; };
		8A9760C61F17478500E77833 /* SAPOData.framework in Frameworks */ = {isa = PBXBuildFile; fileRef = 8A9760C51F17478500E77833 /* SAPOData.framework */; };
		8A9760C71F17478500E77833 /* SAPOData.framework in Embed Frameworks */ = {isa = PBXBuildFile; fileRef = 8A9760C51F17478500E77833 /* SAPOData.framework */; settings = {ATTRIBUTES = (CodeSignOnCopy, RemoveHeadersOnCopy, ); }; };
		8A9760C91F174B2900E77833 /* ODataAccess.swift in Sources */ = {isa = PBXBuildFile; fileRef = 8A9760C81F174B2900E77833 /* ODataAccess.swift */; };
		8A9760CB1F1754AD00E77833 /* People.swift in Sources */ = {isa = PBXBuildFile; fileRef = 8A9760CA1F1754AD00E77833 /* People.swift */; };
		8A9760CD1F1754D300E77833 /* PeopleMetadata.swift in Sources */ = {isa = PBXBuildFile; fileRef = 8A9760CC1F1754D300E77833 /* PeopleMetadata.swift */; };
		8A9760CF1F1754D900E77833 /* PeopleType.swift in Sources */ = {isa = PBXBuildFile; fileRef = 8A9760CE1F1754D900E77833 /* PeopleType.swift */; };
		8A9760D21F1C9AAF00E77833 /* ESPMContainer.swift in Sources */ = {isa = PBXBuildFile; fileRef = 8A9760D01F1C9AAF00E77833 /* ESPMContainer.swift */; };
		8A9760D31F1C9AAF00E77833 /* ESPMContainerMetadata.swift in Sources */ = {isa = PBXBuildFile; fileRef = 8A9760D11F1C9AAF00E77833 /* ESPMContainerMetadata.swift */; };
		8A9760D51F1C9ACD00E77833 /* SalesOrderHeader.swift in Sources */ = {isa = PBXBuildFile; fileRef = 8A9760D41F1C9ACD00E77833 /* SalesOrderHeader.swift */; };
		8A9760D81F1CA3D800E77833 /* NorthwindEntities.swift in Sources */ = {isa = PBXBuildFile; fileRef = 8A9760D61F1CA3D800E77833 /* NorthwindEntities.swift */; };
		8A9760D91F1CA3D800E77833 /* NorthwindEntitiesMetadata.swift in Sources */ = {isa = PBXBuildFile; fileRef = 8A9760D71F1CA3D800E77833 /* NorthwindEntitiesMetadata.swift */; };
		8A9760DB1F1CA40300E77833 /* Employee.swift in Sources */ = {isa = PBXBuildFile; fileRef = 8A9760DA1F1CA40300E77833 /* Employee.swift */; };
		8A9760DD1F1CA4BD00E77833 /* Order.swift in Sources */ = {isa = PBXBuildFile; fileRef = 8A9760DC1F1CA4BD00E77833 /* Order.swift */; };
		8A9761131F1F058A00E77833 /* DataTableViewCell.swift in Sources */ = {isa = PBXBuildFile; fileRef = 8A9761121F1F058A00E77833 /* DataTableViewCell.swift */; };
		8AE50C701F0E0A1300DC01F9 /* AppDelegate.swift in Sources */ = {isa = PBXBuildFile; fileRef = 8AE50C6F1F0E0A1300DC01F9 /* AppDelegate.swift */; };
		8AE50C721F0E0A1300DC01F9 /* StartViewController.swift in Sources */ = {isa = PBXBuildFile; fileRef = 8AE50C711F0E0A1300DC01F9 /* StartViewController.swift */; };
		8AE50C751F0E0A1300DC01F9 /* Main.storyboard in Resources */ = {isa = PBXBuildFile; fileRef = 8AE50C731F0E0A1300DC01F9 /* Main.storyboard */; };
		8AE50C771F0E0A1400DC01F9 /* Assets.xcassets in Resources */ = {isa = PBXBuildFile; fileRef = 8AE50C761F0E0A1400DC01F9 /* Assets.xcassets */; };
		8AE50C7A1F0E0A1400DC01F9 /* LaunchScreen.storyboard in Resources */ = {isa = PBXBuildFile; fileRef = 8AE50C781F0E0A1400DC01F9 /* LaunchScreen.storyboard */; };
		8AE50C841F0E0B6D00DC01F9 /* LoginTextField.swift in Sources */ = {isa = PBXBuildFile; fileRef = 8AE50C831F0E0B6D00DC01F9 /* LoginTextField.swift */; };
		8AE50C861F0E0B7900DC01F9 /* LoginButton.swift in Sources */ = {isa = PBXBuildFile; fileRef = 8AE50C851F0E0B7900DC01F9 /* LoginButton.swift */; };
		8AE50C8A1F0E0BC600DC01F9 /* KeystoreAuthenticator.swift in Sources */ = {isa = PBXBuildFile; fileRef = 8AE50C891F0E0BC600DC01F9 /* KeystoreAuthenticator.swift */; };
		8AE50C8C1F0E0BF100DC01F9 /* BasicAuth_ownLogin.swift in Sources */ = {isa = PBXBuildFile; fileRef = 8AE50C8B1F0E0BF100DC01F9 /* BasicAuth_ownLogin.swift */; };
		8AE50C901F0E0CC200DC01F9 /* SAPCommon.framework in Frameworks */ = {isa = PBXBuildFile; fileRef = 8AE50C8E1F0E0CC200DC01F9 /* SAPCommon.framework */; };
		8AE50C911F0E0CC200DC01F9 /* SAPCommon.framework in Embed Frameworks */ = {isa = PBXBuildFile; fileRef = 8AE50C8E1F0E0CC200DC01F9 /* SAPCommon.framework */; settings = {ATTRIBUTES = (CodeSignOnCopy, RemoveHeadersOnCopy, ); }; };
		8AE50C921F0E0CC200DC01F9 /* SAPFoundation.framework in Frameworks */ = {isa = PBXBuildFile; fileRef = 8AE50C8F1F0E0CC200DC01F9 /* SAPFoundation.framework */; };
		8AE50C931F0E0CC200DC01F9 /* SAPFoundation.framework in Embed Frameworks */ = {isa = PBXBuildFile; fileRef = 8AE50C8F1F0E0CC200DC01F9 /* SAPFoundation.framework */; settings = {ATTRIBUTES = (CodeSignOnCopy, RemoveHeadersOnCopy, ); }; };
		8AE50C971F0E1C1200DC01F9 /* DataAccess.swift in Sources */ = {isa = PBXBuildFile; fileRef = 8AE50C961F0E1C1200DC01F9 /* DataAccess.swift */; };
/* End PBXBuildFile section */

/* Begin PBXCopyFilesBuildPhase section */
		8AE50C941F0E0CC200DC01F9 /* Embed Frameworks */ = {
			isa = PBXCopyFilesBuildPhase;
			buildActionMask = 2147483647;
			dstPath = "";
			dstSubfolderSpec = 10;
			files = (
				8A9760C71F17478500E77833 /* SAPOData.framework in Embed Frameworks */,
				8AE50C931F0E0CC200DC01F9 /* SAPFoundation.framework in Embed Frameworks */,
				8AE50C911F0E0CC200DC01F9 /* SAPCommon.framework in Embed Frameworks */,
			);
			name = "Embed Frameworks";
			runOnlyForDeploymentPostprocessing = 0;
		};
/* End PBXCopyFilesBuildPhase section */

/* Begin PBXFileReference section */
		8A9760C11F17162700E77833 /* RegisteredUsersViewController.swift */ = {isa = PBXFileReference; fileEncoding = 4; lastKnownFileType = sourcecode.swift; path = RegisteredUsersViewController.swift; sourceTree = "<group>"; };
		8A9760C51F17478500E77833 /* SAPOData.framework */ = {isa = PBXFileReference; lastKnownFileType = wrapper.framework; name = SAPOData.framework; path = Frameworks/Release/SAPOData.framework; sourceTree = "<group>"; };
		8A9760C81F174B2900E77833 /* ODataAccess.swift */ = {isa = PBXFileReference; fileEncoding = 4; lastKnownFileType = sourcecode.swift; path = ODataAccess.swift; sourceTree = "<group>"; };
		8A9760CA1F1754AD00E77833 /* People.swift */ = {isa = PBXFileReference; fileEncoding = 4; lastKnownFileType = sourcecode.swift; path = People.swift; sourceTree = "<group>"; };
		8A9760CC1F1754D300E77833 /* PeopleMetadata.swift */ = {isa = PBXFileReference; fileEncoding = 4; lastKnownFileType = sourcecode.swift; path = PeopleMetadata.swift; sourceTree = "<group>"; };
		8A9760CE1F1754D900E77833 /* PeopleType.swift */ = {isa = PBXFileReference; fileEncoding = 4; lastKnownFileType = sourcecode.swift; path = PeopleType.swift; sourceTree = "<group>"; };
		8A9760D01F1C9AAF00E77833 /* ESPMContainer.swift */ = {isa = PBXFileReference; fileEncoding = 4; lastKnownFileType = sourcecode.swift; path = ESPMContainer.swift; sourceTree = "<group>"; };
		8A9760D11F1C9AAF00E77833 /* ESPMContainerMetadata.swift */ = {isa = PBXFileReference; fileEncoding = 4; lastKnownFileType = sourcecode.swift; path = ESPMContainerMetadata.swift; sourceTree = "<group>"; };
		8A9760D41F1C9ACD00E77833 /* SalesOrderHeader.swift */ = {isa = PBXFileReference; fileEncoding = 4; lastKnownFileType = sourcecode.swift; path = SalesOrderHeader.swift; sourceTree = "<group>"; };
		8A9760D61F1CA3D800E77833 /* NorthwindEntities.swift */ = {isa = PBXFileReference; fileEncoding = 4; lastKnownFileType = sourcecode.swift; path = NorthwindEntities.swift; sourceTree = "<group>"; };
		8A9760D71F1CA3D800E77833 /* NorthwindEntitiesMetadata.swift */ = {isa = PBXFileReference; fileEncoding = 4; lastKnownFileType = sourcecode.swift; path = NorthwindEntitiesMetadata.swift; sourceTree = "<group>"; };
		8A9760DA1F1CA40300E77833 /* Employee.swift */ = {isa = PBXFileReference; fileEncoding = 4; lastKnownFileType = sourcecode.swift; path = Employee.swift; sourceTree = "<group>"; };
		8A9760DC1F1CA4BD00E77833 /* Order.swift */ = {isa = PBXFileReference; fileEncoding = 4; lastKnownFileType = sourcecode.swift; path = Order.swift; sourceTree = "<group>"; };
		8A9761121F1F058A00E77833 /* DataTableViewCell.swift */ = {isa = PBXFileReference; fileEncoding = 4; lastKnownFileType = sourcecode.swift; path = DataTableViewCell.swift; sourceTree = "<group>"; };
		8AE50C6C1F0E0A1300DC01F9 /* Auth_LoginScreen.app */ = {isa = PBXFileReference; explicitFileType = wrapper.application; includeInIndex = 0; path = Auth_LoginScreen.app; sourceTree = BUILT_PRODUCTS_DIR; };
		8AE50C6F1F0E0A1300DC01F9 /* AppDelegate.swift */ = {isa = PBXFileReference; lastKnownFileType = sourcecode.swift; path = AppDelegate.swift; sourceTree = "<group>"; };
		8AE50C711F0E0A1300DC01F9 /* StartViewController.swift */ = {isa = PBXFileReference; lastKnownFileType = sourcecode.swift; path = StartViewController.swift; sourceTree = "<group>"; };
		8AE50C741F0E0A1300DC01F9 /* Base */ = {isa = PBXFileReference; lastKnownFileType = file.storyboard; name = Base; path = Base.lproj/Main.storyboard; sourceTree = "<group>"; };
		8AE50C761F0E0A1400DC01F9 /* Assets.xcassets */ = {isa = PBXFileReference; lastKnownFileType = folder.assetcatalog; path = Assets.xcassets; sourceTree = "<group>"; };
		8AE50C791F0E0A1400DC01F9 /* Base */ = {isa = PBXFileReference; lastKnownFileType = file.storyboard; name = Base; path = Base.lproj/LaunchScreen.storyboard; sourceTree = "<group>"; };
		8AE50C7B1F0E0A1400DC01F9 /* Info.plist */ = {isa = PBXFileReference; lastKnownFileType = text.plist.xml; path = Info.plist; sourceTree = "<group>"; };
		8AE50C831F0E0B6D00DC01F9 /* LoginTextField.swift */ = {isa = PBXFileReference; fileEncoding = 4; lastKnownFileType = sourcecode.swift; path = LoginTextField.swift; sourceTree = "<group>"; };
		8AE50C851F0E0B7900DC01F9 /* LoginButton.swift */ = {isa = PBXFileReference; fileEncoding = 4; lastKnownFileType = sourcecode.swift; path = LoginButton.swift; sourceTree = "<group>"; };
		8AE50C891F0E0BC600DC01F9 /* KeystoreAuthenticator.swift */ = {isa = PBXFileReference; fileEncoding = 4; lastKnownFileType = sourcecode.swift; path = KeystoreAuthenticator.swift; sourceTree = "<group>"; };
		8AE50C8B1F0E0BF100DC01F9 /* BasicAuth_ownLogin.swift */ = {isa = PBXFileReference; fileEncoding = 4; lastKnownFileType = sourcecode.swift; path = BasicAuth_ownLogin.swift; sourceTree = "<group>"; };
		8AE50C8E1F0E0CC200DC01F9 /* SAPCommon.framework */ = {isa = PBXFileReference; lastKnownFileType = wrapper.framework; name = SAPCommon.framework; path = Frameworks/Release/SAPCommon.framework; sourceTree = "<group>"; };
		8AE50C8F1F0E0CC200DC01F9 /* SAPFoundation.framework */ = {isa = PBXFileReference; lastKnownFileType = wrapper.framework; name = SAPFoundation.framework; path = Frameworks/Release/SAPFoundation.framework; sourceTree = "<group>"; };
		8AE50C961F0E1C1200DC01F9 /* DataAccess.swift */ = {isa = PBXFileReference; fileEncoding = 4; lastKnownFileType = sourcecode.swift; path = DataAccess.swift; sourceTree = "<group>"; };
/* End PBXFileReference section */

/* Begin PBXFrameworksBuildPhase section */
		8AE50C691F0E0A1300DC01F9 /* Frameworks */ = {
			isa = PBXFrameworksBuildPhase;
			buildActionMask = 2147483647;
			files = (
				8A9760C61F17478500E77833 /* SAPOData.framework in Frameworks */,
				8AE50C921F0E0CC200DC01F9 /* SAPFoundation.framework in Frameworks */,
				8AE50C901F0E0CC200DC01F9 /* SAPCommon.framework in Frameworks */,
			);
			runOnlyForDeploymentPostprocessing = 0;
		};
/* End PBXFrameworksBuildPhase section */

/* Begin PBXGroup section */
		8AE50C631F0E0A1300DC01F9 = {
			isa = PBXGroup;
			children = (
				8A9760C51F17478500E77833 /* SAPOData.framework */,
				8AE50C8E1F0E0CC200DC01F9 /* SAPCommon.framework */,
				8AE50C8F1F0E0CC200DC01F9 /* SAPFoundation.framework */,
				8AE50C6E1F0E0A1300DC01F9 /* Auth_LoginScreen */,
				8AE50C6D1F0E0A1300DC01F9 /* Products */,
			);
			sourceTree = "<group>";
		};
		8AE50C6D1F0E0A1300DC01F9 /* Products */ = {
			isa = PBXGroup;
			children = (
				8AE50C6C1F0E0A1300DC01F9 /* Auth_LoginScreen.app */,
			);
			name = Products;
			sourceTree = "<group>";
		};
		8AE50C6E1F0E0A1300DC01F9 /* Auth_LoginScreen */ = {
			isa = PBXGroup;
			children = (
				8AE50C951F0E1BF300DC01F9 /* Model */,
				8AE50C8D1F0E0C1500DC01F9 /* ViewContollers */,
				8AE50C881F0E0BB100DC01F9 /* Utils */,
				8AE50C871F0E0B8800DC01F9 /* UI */,
				8AE50C6F1F0E0A1300DC01F9 /* AppDelegate.swift */,
				8AE50C731F0E0A1300DC01F9 /* Main.storyboard */,
				8AE50C761F0E0A1400DC01F9 /* Assets.xcassets */,
				8AE50C781F0E0A1400DC01F9 /* LaunchScreen.storyboard */,
				8AE50C7B1F0E0A1400DC01F9 /* Info.plist */,
			);
			path = Auth_LoginScreen;
			sourceTree = "<group>";
		};
		8AE50C871F0E0B8800DC01F9 /* UI */ = {
			isa = PBXGroup;
			children = (
				8A9760CE1F1754D900E77833 /* PeopleType.swift */,
				8A9760CC1F1754D300E77833 /* PeopleMetadata.swift */,
				8A9760CA1F1754AD00E77833 /* People.swift */,
				8A9760D61F1CA3D800E77833 /* NorthwindEntities.swift */,
				8A9760D71F1CA3D800E77833 /* NorthwindEntitiesMetadata.swift */,
				8A9760D01F1C9AAF00E77833 /* ESPMContainer.swift */,
				8A9760D41F1C9ACD00E77833 /* SalesOrderHeader.swift */,
				8A9760DA1F1CA40300E77833 /* Employee.swift */,
				8A9760D11F1C9AAF00E77833 /* ESPMContainerMetadata.swift */,
				8AE50C831F0E0B6D00DC01F9 /* LoginTextField.swift */,
				8A9760DC1F1CA4BD00E77833 /* Order.swift */,
				8AE50C851F0E0B7900DC01F9 /* LoginButton.swift */,
			);
			name = UI;
			sourceTree = "<group>";
		};
		8AE50C881F0E0BB100DC01F9 /* Utils */ = {
			isa = PBXGroup;
			children = (
				8AE50C891F0E0BC600DC01F9 /* KeystoreAuthenticator.swift */,
			);
			name = Utils;
			sourceTree = "<group>";
		};
		8AE50C8D1F0E0C1500DC01F9 /* ViewContollers */ = {
			isa = PBXGroup;
			children = (
				8AE50C711F0E0A1300DC01F9 /* StartViewController.swift */,
				8AE50C8B1F0E0BF100DC01F9 /* BasicAuth_ownLogin.swift */,
				8A9760C11F17162700E77833 /* RegisteredUsersViewController.swift */,
				8A9761121F1F058A00E77833 /* DataTableViewCell.swift */,
			);
			name = ViewContollers;
			sourceTree = "<group>";
		};
		8AE50C951F0E1BF300DC01F9 /* Model */ = {
			isa = PBXGroup;
			children = (
				8AE50C961F0E1C1200DC01F9 /* DataAccess.swift */,
				8A9760C81F174B2900E77833 /* ODataAccess.swift */,
			);
			name = Model;
			sourceTree = "<group>";
		};
/* End PBXGroup section */

/* Begin PBXNativeTarget section */
		8AE50C6B1F0E0A1300DC01F9 /* Auth_LoginScreen */ = {
			isa = PBXNativeTarget;
			buildConfigurationList = 8AE50C7E1F0E0A1400DC01F9 /* Build configuration list for PBXNativeTarget "Auth_LoginScreen" */;
			buildPhases = (
				8AE50C681F0E0A1300DC01F9 /* Sources */,
				8AE50C691F0E0A1300DC01F9 /* Frameworks */,
				8AE50C6A1F0E0A1300DC01F9 /* Resources */,
				8AE50C941F0E0CC200DC01F9 /* Embed Frameworks */,
			);
			buildRules = (
			);
			dependencies = (
			);
			name = Auth_LoginScreen;
			productName = Auth_LoginScreen;
			productReference = 8AE50C6C1F0E0A1300DC01F9 /* Auth_LoginScreen.app */;
			productType = "com.apple.product-type.application";
		};
/* End PBXNativeTarget section */

/* Begin PBXProject section */
		8AE50C641F0E0A1300DC01F9 /* Project object */ = {
			isa = PBXProject;
			attributes = {
				LastSwiftUpdateCheck = 0830;
				LastUpgradeCheck = 0830;
				ORGANIZATIONNAME = com.sap.Auth;
				TargetAttributes = {
					8AE50C6B1F0E0A1300DC01F9 = {
						CreatedOnToolsVersion = 8.3.3;
						DevelopmentTeam = Y5WTWWM9T5;
						ProvisioningStyle = Automatic;
					};
				};
			};
			buildConfigurationList = 8AE50C671F0E0A1300DC01F9 /* Build configuration list for PBXProject "Auth_LoginScreen" */;
			compatibilityVersion = "Xcode 3.2";
			developmentRegion = English;
			hasScannedForEncodings = 0;
			knownRegions = (
				en,
				Base,
			);
			mainGroup = 8AE50C631F0E0A1300DC01F9;
			productRefGroup = 8AE50C6D1F0E0A1300DC01F9 /* Products */;
			projectDirPath = "";
			projectRoot = "";
			targets = (
				8AE50C6B1F0E0A1300DC01F9 /* Auth_LoginScreen */,
			);
		};
/* End PBXProject section */

/* Begin PBXResourcesBuildPhase section */
		8AE50C6A1F0E0A1300DC01F9 /* Resources */ = {
			isa = PBXResourcesBuildPhase;
			buildActionMask = 2147483647;
			files = (
				8AE50C7A1F0E0A1400DC01F9 /* LaunchScreen.storyboard in Resources */,
				8AE50C771F0E0A1400DC01F9 /* Assets.xcassets in Resources */,
				8AE50C751F0E0A1300DC01F9 /* Main.storyboard in Resources */,
			);
			runOnlyForDeploymentPostprocessing = 0;
		};
/* End PBXResourcesBuildPhase section */

/* Begin PBXSourcesBuildPhase section */
		8AE50C681F0E0A1300DC01F9 /* Sources */ = {
			isa = PBXSourcesBuildPhase;
			buildActionMask = 2147483647;
			files = (
				8AE50C841F0E0B6D00DC01F9 /* LoginTextField.swift in Sources */,
				8A9760DB1F1CA40300E77833 /* Employee.swift in Sources */,
				8A9760D31F1C9AAF00E77833 /* ESPMContainerMetadata.swift in Sources */,
				8A9760DD1F1CA4BD00E77833 /* Order.swift in Sources */,
				8AE50C861F0E0B7900DC01F9 /* LoginButton.swift in Sources */,
				8A9761131F1F058A00E77833 /* DataTableViewCell.swift in Sources */,
				8A9760D21F1C9AAF00E77833 /* ESPMContainer.swift in Sources */,
				8A9760D81F1CA3D800E77833 /* NorthwindEntities.swift in Sources */,
				8AE50C721F0E0A1300DC01F9 /* StartViewController.swift in Sources */,
				8AE50C8C1F0E0BF100DC01F9 /* BasicAuth_ownLogin.swift in Sources */,
				8A9760CB1F1754AD00E77833 /* People.swift in Sources */,
				8AE50C8A1F0E0BC600DC01F9 /* KeystoreAuthenticator.swift in Sources */,
				8A9760D51F1C9ACD00E77833 /* SalesOrderHeader.swift in Sources */,
				8A9760CF1F1754D900E77833 /* PeopleType.swift in Sources */,
				8A9760C21F17162700E77833 /* RegisteredUsersViewController.swift in Sources */,
				8A9760D91F1CA3D800E77833 /* NorthwindEntitiesMetadata.swift in Sources */,
				8A9760C91F174B2900E77833 /* ODataAccess.swift in Sources */,
				8AE50C701F0E0A1300DC01F9 /* AppDelegate.swift in Sources */,
				8AE50C971F0E1C1200DC01F9 /* DataAccess.swift in Sources */,
				8A9760CD1F1754D300E77833 /* PeopleMetadata.swift in Sources */,
			);
			runOnlyForDeploymentPostprocessing = 0;
		};
/* End PBXSourcesBuildPhase section */

/* Begin PBXVariantGroup section */
		8AE50C731F0E0A1300DC01F9 /* Main.storyboard */ = {
			isa = PBXVariantGroup;
			children = (
				8AE50C741F0E0A1300DC01F9 /* Base */,
			);
			name = Main.storyboard;
			sourceTree = "<group>";
		};
		8AE50C781F0E0A1400DC01F9 /* LaunchScreen.storyboard */ = {
			isa = PBXVariantGroup;
			children = (
				8AE50C791F0E0A1400DC01F9 /* Base */,
			);
			name = LaunchScreen.storyboard;
			sourceTree = "<group>";
		};
/* End PBXVariantGroup section */

/* Begin XCBuildConfiguration section */
		8AE50C7C1F0E0A1400DC01F9 /* Debug */ = {
			isa = XCBuildConfiguration;
			buildSettings = {
				ALWAYS_SEARCH_USER_PATHS = NO;
				CLANG_ANALYZER_NONNULL = YES;
				CLANG_ANALYZER_NUMBER_OBJECT_CONVERSION = YES_AGGRESSIVE;
				CLANG_CXX_LANGUAGE_STANDARD = "gnu++0x";
				CLANG_CXX_LIBRARY = "libc++";
				CLANG_ENABLE_MODULES = YES;
				CLANG_ENABLE_OBJC_ARC = YES;
				CLANG_WARN_BOOL_CONVERSION = YES;
				CLANG_WARN_CONSTANT_CONVERSION = YES;
				CLANG_WARN_DIRECT_OBJC_ISA_USAGE = YES_ERROR;
				CLANG_WARN_DOCUMENTATION_COMMENTS = YES;
				CLANG_WARN_EMPTY_BODY = YES;
				CLANG_WARN_ENUM_CONVERSION = YES;
				CLANG_WARN_INFINITE_RECURSION = YES;
				CLANG_WARN_INT_CONVERSION = YES;
				CLANG_WARN_OBJC_ROOT_CLASS = YES_ERROR;
				CLANG_WARN_SUSPICIOUS_MOVE = YES;
				CLANG_WARN_UNREACHABLE_CODE = YES;
				CLANG_WARN__DUPLICATE_METHOD_MATCH = YES;
				"CODE_SIGN_IDENTITY[sdk=iphoneos*]" = "iPhone Developer";
				COPY_PHASE_STRIP = NO;
				DEBUG_INFORMATION_FORMAT = dwarf;
				ENABLE_STRICT_OBJC_MSGSEND = YES;
				ENABLE_TESTABILITY = YES;
				GCC_C_LANGUAGE_STANDARD = gnu99;
				GCC_DYNAMIC_NO_PIC = NO;
				GCC_NO_COMMON_BLOCKS = YES;
				GCC_OPTIMIZATION_LEVEL = 0;
				GCC_PREPROCESSOR_DEFINITIONS = (
					"DEBUG=1",
					"$(inherited)",
				);
				GCC_WARN_64_TO_32_BIT_CONVERSION = YES;
				GCC_WARN_ABOUT_RETURN_TYPE = YES_ERROR;
				GCC_WARN_UNDECLARED_SELECTOR = YES;
				GCC_WARN_UNINITIALIZED_AUTOS = YES_AGGRESSIVE;
				GCC_WARN_UNUSED_FUNCTION = YES;
				GCC_WARN_UNUSED_VARIABLE = YES;
				IPHONEOS_DEPLOYMENT_TARGET = 10.3;
				MTL_ENABLE_DEBUG_INFO = YES;
				ONLY_ACTIVE_ARCH = YES;
				SDKROOT = iphoneos;
				SWIFT_ACTIVE_COMPILATION_CONDITIONS = DEBUG;
				SWIFT_OPTIMIZATION_LEVEL = "-Onone";
				TARGETED_DEVICE_FAMILY = "1,2";
			};
			name = Debug;
		};
		8AE50C7D1F0E0A1400DC01F9 /* Release */ = {
			isa = XCBuildConfiguration;
			buildSettings = {
				ALWAYS_SEARCH_USER_PATHS = NO;
				CLANG_ANALYZER_NONNULL = YES;
				CLANG_ANALYZER_NUMBER_OBJECT_CONVERSION = YES_AGGRESSIVE;
				CLANG_CXX_LANGUAGE_STANDARD = "gnu++0x";
				CLANG_CXX_LIBRARY = "libc++";
				CLANG_ENABLE_MODULES = YES;
				CLANG_ENABLE_OBJC_ARC = YES;
				CLANG_WARN_BOOL_CONVERSION = YES;
				CLANG_WARN_CONSTANT_CONVERSION = YES;
				CLANG_WARN_DIRECT_OBJC_ISA_USAGE = YES_ERROR;
				CLANG_WARN_DOCUMENTATION_COMMENTS = YES;
				CLANG_WARN_EMPTY_BODY = YES;
				CLANG_WARN_ENUM_CONVERSION = YES;
				CLANG_WARN_INFINITE_RECURSION = YES;
				CLANG_WARN_INT_CONVERSION = YES;
				CLANG_WARN_OBJC_ROOT_CLASS = YES_ERROR;
				CLANG_WARN_SUSPICIOUS_MOVE = YES;
				CLANG_WARN_UNREACHABLE_CODE = YES;
				CLANG_WARN__DUPLICATE_METHOD_MATCH = YES;
				"CODE_SIGN_IDENTITY[sdk=iphoneos*]" = "iPhone Developer";
				COPY_PHASE_STRIP = NO;
				DEBUG_INFORMATION_FORMAT = "dwarf-with-dsym";
				ENABLE_NS_ASSERTIONS = NO;
				ENABLE_STRICT_OBJC_MSGSEND = YES;
				GCC_C_LANGUAGE_STANDARD = gnu99;
				GCC_NO_COMMON_BLOCKS = YES;
				GCC_WARN_64_TO_32_BIT_CONVERSION = YES;
				GCC_WARN_ABOUT_RETURN_TYPE = YES_ERROR;
				GCC_WARN_UNDECLARED_SELECTOR = YES;
				GCC_WARN_UNINITIALIZED_AUTOS = YES_AGGRESSIVE;
				GCC_WARN_UNUSED_FUNCTION = YES;
				GCC_WARN_UNUSED_VARIABLE = YES;
				IPHONEOS_DEPLOYMENT_TARGET = 10.3;
				MTL_ENABLE_DEBUG_INFO = NO;
				SDKROOT = iphoneos;
				SWIFT_OPTIMIZATION_LEVEL = "-Owholemodule";
				TARGETED_DEVICE_FAMILY = "1,2";
				VALIDATE_PRODUCT = YES;
			};
			name = Release;
		};
		8AE50C7F1F0E0A1400DC01F9 /* Debug */ = {
			isa = XCBuildConfiguration;
			buildSettings = {
				ASSETCATALOG_COMPILER_APPICON_NAME = AppIcon;
				DEVELOPMENT_TEAM = Y5WTWWM9T5;
				FRAMEWORK_SEARCH_PATHS = (
					"$(inherited)",
					"$(PROJECT_DIR)/Frameworks/Release",
				);
				INFOPLIST_FILE = Auth_LoginScreen/Info.plist;
				LD_RUNPATH_SEARCH_PATHS = "$(inherited) @executable_path/Frameworks";
				PRODUCT_BUNDLE_IDENTIFIER = "sap.Auth-LoginScreen";
				PRODUCT_NAME = "$(TARGET_NAME)";
				SWIFT_VERSION = 3.0;
			};
			name = Debug;
		};
		8AE50C801F0E0A1400DC01F9 /* Release */ = {
			isa = XCBuildConfiguration;
			buildSettings = {
				ASSETCATALOG_COMPILER_APPICON_NAME = AppIcon;
				DEVELOPMENT_TEAM = Y5WTWWM9T5;
				FRAMEWORK_SEARCH_PATHS = (
					"$(inherited)",
					"$(PROJECT_DIR)/Frameworks/Release",
				);
				INFOPLIST_FILE = Auth_LoginScreen/Info.plist;
				LD_RUNPATH_SEARCH_PATHS = "$(inherited) @executable_path/Frameworks";
				PRODUCT_BUNDLE_IDENTIFIER = "sap.Auth-LoginScreen";
				PRODUCT_NAME = "$(TARGET_NAME)";
				SWIFT_VERSION = 3.0;
			};
			name = Release;
		};
/* End XCBuildConfiguration section */

/* Begin XCConfigurationList section */
		8AE50C671F0E0A1300DC01F9 /* Build configuration list for PBXProject "Auth_LoginScreen" */ = {
			isa = XCConfigurationList;
			buildConfigurations = (
				8AE50C7C1F0E0A1400DC01F9 /* Debug */,
				8AE50C7D1F0E0A1400DC01F9 /* Release */,
			);
			defaultConfigurationIsVisible = 0;
			defaultConfigurationName = Release;
		};
		8AE50C7E1F0E0A1400DC01F9 /* Build configuration list for PBXNativeTarget "Auth_LoginScreen" */ = {
			isa = XCConfigurationList;
			buildConfigurations = (
				8AE50C7F1F0E0A1400DC01F9 /* Debug */,
				8AE50C801F0E0A1400DC01F9 /* Release */,
			);
			defaultConfigurationIsVisible = 0;
			defaultConfigurationName = Release;
		};
/* End XCConfigurationList section */
	};
	rootObject = 8AE50C641F0E0A1300DC01F9 /* Project object */;
}
